# THIS IS AN AUTOGENERATED FILE. DO NOT EDIT THIS FILE DIRECTLY.
# yarn lockfile v1


"@abp/aspnetcore.components.server.leptonxlitetheme@^4.0.5":
  version "4.3.6"
  resolved "https://registry.yarnpkg.com/@abp/aspnetcore.components.server.leptonxlitetheme/-/aspnetcore.components.server.leptonxlitetheme-4.3.6.tgz#7fa4ed1bcaeb158b309138ef72da6a530cefd801"
  integrity sha512-yefm2atEAhbprD6an7AEj0I0g1WBBuj5KPBlpDN2LZNJA7hnMm/PGHzHN6ke3693O9U2LY1Jeryz92lhQxM83g==
  dependencies:
    "@abp/aspnetcore.components.server.theming" "~9.3.6"

"@abp/aspnetcore.components.server.theming@~9.3.6":
  version "9.3.6"
  resolved "https://registry.yarnpkg.com/@abp/aspnetcore.components.server.theming/-/aspnetcore.components.server.theming-9.3.6.tgz#778b91897625dac65cfea42e0c43cd9904b3c977"
  integrity sha512-hLRCVaJsW1pCqrRBPpXSSjCAYNHS2e9dHJ4RtVltmjRWfb2XPbbfIWXpAgqctLITtl6793sHXYkhHkEQxmDuzw==
  dependencies:
    "@abp/bootstrap" "~9.3.6"
    "@abp/font-awesome" "~9.3.6"

"@abp/aspnetcore.mvc.ui.theme.leptonxlite@~4.0.5":
  version "4.0.9"
  resolved "https://registry.yarnpkg.com/@abp/aspnetcore.mvc.ui.theme.leptonxlite/-/aspnetcore.mvc.ui.theme.leptonxlite-4.0.9.tgz#2732a32c8a61d8ab86defcf9ddc456b7da49144b"
  integrity sha512-4tJNq/cQ9BG8MzqFjcsZWQytUtAOlInhvaTyuESo8bdsDuz6AxIAdD4kOpO/zrwGa79oHmO+pdJBfQofm3+Q9A==
  dependencies:
    "@abp/aspnetcore.mvc.ui.theme.shared" "~9.0.8"

"@abp/aspnetcore.mvc.ui.theme.shared@~9.0.8":
  version "9.0.8"
  resolved "https://registry.yarnpkg.com/@abp/aspnetcore.mvc.ui.theme.shared/-/aspnetcore.mvc.ui.theme.shared-9.0.8.tgz#56480919c23e8000fdd6ab56571cea08617e0c27"
  integrity sha512-/wL9YhPq6nvU7Y4vMiTmBCBFWLyAh0ptfiGJtAN5ERA7Uxf7B3P9kRIl+KapeWbse2T+Hmc49txk79lNWRELDQ==
  dependencies:
    "@abp/aspnetcore.mvc.ui" "~9.0.8"
    "@abp/bootstrap" "~9.0.8"
    "@abp/bootstrap-datepicker" "~9.0.8"
    "@abp/bootstrap-daterangepicker" "~9.0.8"
    "@abp/datatables.net-bs5" "~9.0.8"
    "@abp/font-awesome" "~9.0.8"
    "@abp/jquery-form" "~9.0.8"
    "@abp/jquery-validation-unobtrusive" "~9.0.8"
    "@abp/lodash" "~9.0.8"
    "@abp/luxon" "~9.0.8"
    "@abp/malihu-custom-scrollbar-plugin" "~9.0.8"
    "@abp/moment" "~9.0.8"
    "@abp/select2" "~9.0.8"
    "@abp/sweetalert2" "~9.0.8"
    "@abp/timeago" "~9.0.8"
    "@abp/toastr" "~9.0.8"

"@abp/aspnetcore.mvc.ui@~9.0.8":
  version "9.0.8"
  resolved "https://registry.yarnpkg.com/@abp/aspnetcore.mvc.ui/-/aspnetcore.mvc.ui-9.0.8.tgz#a792cc12e0e0a2458eb805bfacbf4441e622191a"
  integrity sha512-wqdmGuA9rZS/c+8FEA1j2LYQWWf5kdOrsAo+XcApsX6MzLJ02xoeEjuHbunVVjM0mJrMJJKb/NgAMcwxJCdnEQ==
  dependencies:
    ansi-colors "^4.1.3"

"@abp/bootstrap-datepicker@~9.0.8":
  version "9.0.8"
  resolved "https://registry.yarnpkg.com/@abp/bootstrap-datepicker/-/bootstrap-datepicker-9.0.8.tgz#be54681b5bc9731af39e753d9975d714654752f6"
  integrity sha512-fns7Sn6WvITENhpDT51HYqvtoLl2XpkXBGfAOAFpbTsjiT5DQm7OTdYHNqHDVT2dhD0nRqi9jtJMY3YS0FTMzA==
  dependencies:
    bootstrap-datepicker "^1.10.0"

"@abp/bootstrap-daterangepicker@~9.0.8":
  version "9.0.8"
  resolved "https://registry.yarnpkg.com/@abp/bootstrap-daterangepicker/-/bootstrap-daterangepicker-9.0.8.tgz#056c8ee6563659903f83ea8b727b6c532277ff55"
  integrity sha512-fJz6/tlGnpTyz0g/RVlR4Xf8Tk5Xdwagq2yqCzCDlX1nZySSsDYY0Qrqr/rlRqUJjlkNLfhAQ4J7h6aP7R8Smg==
  dependencies:
    bootstrap-daterangepicker "^3.1.0"

"@abp/bootstrap@~9.0.8":
  version "9.0.8"
  resolved "https://registry.yarnpkg.com/@abp/bootstrap/-/bootstrap-9.0.8.tgz#d0ab58d4731f182e93e2508d8026d3ec7cdb1579"
  integrity sha512-IZC3VKsHEDksx21pHI6ROcbLeJ+2wX03N8i4DGTl0KRQxEX9y6xqiZikJB3d4WUEsZ4s56IKH1SWeNt57iY2nA==
  dependencies:
    "@abp/core" "~9.0.8"
    bootstrap "^5.3.3"

"@abp/bootstrap@~9.3.6":
  version "9.3.6"
  resolved "https://registry.yarnpkg.com/@abp/bootstrap/-/bootstrap-9.3.6.tgz#18be4dafa9ec8908003969481b210fbce96da3e1"
  integrity sha512-739QUNnrPUMTirtGcMT7VwdwRGcJzXOhrqqCQPAhon+j/fTWNVGmlnvBWBHqSvu59juBaHiWGNRYI32n1+NyMA==
  dependencies:
    "@abp/core" "~9.3.6"
    bootstrap "^5.3.3"

"@abp/core@~9.0.8":
  version "9.0.8"
  resolved "https://registry.yarnpkg.com/@abp/core/-/core-9.0.8.tgz#d373d2e34bd90f05ab15560485d7021b1f198876"
  integrity sha512-aogk6fNLAK4Lqc4K+QHdZuEA9HXuUx4RaSx4OJ1d1Zpt8ujxDQjpV+EKcgddXyp0NAS9qpuT5k39B7jRto3zWg==
  dependencies:
    "@abp/utils" "~9.0.8"

"@abp/core@~9.3.6":
  version "9.3.6"
  resolved "https://registry.yarnpkg.com/@abp/core/-/core-9.3.6.tgz#f982af4c589113d6531a1f669e190dff4281a11c"
  integrity sha512-+ABW1xkrmUGtKnrY9A+p+swX+pDt8n70bSUW7QhoYF7AmxFPkJHAV+4pg+Q9+0LqzlPNKjAKTQLE1HW8XIgtiw==
  dependencies:
    "@abp/utils" "~9.3.6"

"@abp/datatables.net-bs5@~9.0.8":
  version "9.0.8"
  resolved "https://registry.yarnpkg.com/@abp/datatables.net-bs5/-/datatables.net-bs5-9.0.8.tgz#1971755ebbb837709cea7cd0bfadb722c192d4b5"
  integrity sha512-+RIsBV0pVn+bpnun1n2RXvC7Ns73CDR5rhY0TVFcsPt83fX7zXEyGVnyurn11g87xt+f//ZwbAqkhMUjYvSCGg==
  dependencies:
    "@abp/datatables.net" "~9.0.8"
    datatables.net-bs5 "^2.1.8"

"@abp/datatables.net@~9.0.8":
  version "9.0.8"
  resolved "https://registry.yarnpkg.com/@abp/datatables.net/-/datatables.net-9.0.8.tgz#ad7a4ae81f6e6456d0457a992ec8aa05e8353de0"
  integrity sha512-L8JGYqJ+hxEdptQtwlpybAIkGxPikSXSYJa3KyqJizAkR42JB990EMyCrLoZtE6chfUHVq0B3VgZe4MZfNnIbw==
  dependencies:
    "@abp/jquery" "~9.0.8"
    datatables.net "^2.1.8"

"@abp/font-awesome@~9.0.8":
  version "9.0.8"
  resolved "https://registry.yarnpkg.com/@abp/font-awesome/-/font-awesome-9.0.8.tgz#fceb54f46cf5d8e89352682881da4868d1347c6d"
  integrity sha512-+dcQSRjWx6k7qmTmRqlQv6MC7vjfivJtLUXictFkgQ18rRiYJzFlESQ9L5dnkcI3I2Xyr/54raD8Q4xZ4D9Rwg==
  dependencies:
    "@abp/core" "~9.0.8"
    "@fortawesome/fontawesome-free" "^6.6.0"

"@abp/font-awesome@~9.3.6":
  version "9.3.6"
  resolved "https://registry.yarnpkg.com/@abp/font-awesome/-/font-awesome-9.3.6.tgz#d5a197e069bfa8f91c4e6ee5bf0de5fb103f07ff"
  integrity sha512-K60R15QdI7zeiADUYbBCw0kTcUdvfkx9NrQBVVIkwIip7oZqodFVNO72r2oUBdEYjHjKxiaGWCrAUyb1DyF3GA==
  dependencies:
    "@abp/core" "~9.3.6"
    "@fortawesome/fontawesome-free" "^6.6.0"

"@abp/jquery-form@~9.0.8":
  version "9.0.8"
  resolved "https://registry.yarnpkg.com/@abp/jquery-form/-/jquery-form-9.0.8.tgz#d889c8fa709c8249b1122b7c5996e39f48b0f533"
  integrity sha512-jzpi2hQJyRdXP+e+/A3QbLyhPiHKwRKuwNvj/+6Bmvb++WO5Gf0WHROFRW0295uPIqw88OFPqWjBhYf25B7nug==
  dependencies:
    "@abp/jquery" "~9.0.8"
    jquery-form "^4.3.0"

"@abp/jquery-validation-unobtrusive@~9.0.8":
  version "9.0.8"
  resolved "https://registry.yarnpkg.com/@abp/jquery-validation-unobtrusive/-/jquery-validation-unobtrusive-9.0.8.tgz#96729d32a0931f4c13ae00de4ff969b44cc6e7e0"
  integrity sha512-nVeZx5Xgvg45XQZyREQMZxmBPTVmZY6c9U+1upOUaG9Fn3U9CMNPzXqnwy+spuneNUPTCH6tPT2S60HFNVH9zw==
  dependencies:
    "@abp/jquery-validation" "~9.0.8"
    jquery-validation-unobtrusive "^4.0.0"

"@abp/jquery-validation@~9.0.8":
  version "9.0.8"
  resolved "https://registry.yarnpkg.com/@abp/jquery-validation/-/jquery-validation-9.0.8.tgz#4dc4a2e0451efd2ba0fbd83e19ec19a89f41ff88"
  integrity sha512-Ha4Zxsm2JjwclUHT3xCmhkBA1qn6D7GTBbgVN+WqkyvafPLamyeaf1oIOYjhl7Gbovq58HgIw8DLhIYl5IAxKA==
  dependencies:
    "@abp/jquery" "~9.0.8"
    jquery-validation "^1.21.0"

"@abp/jquery@~9.0.8":
  version "9.0.8"
  resolved "https://registry.yarnpkg.com/@abp/jquery/-/jquery-9.0.8.tgz#327f9f97941b0c8447b3d9f9eba864c2dbb1ece3"
  integrity sha512-lQWR59JCnP0+y5yPUAgx3Dg7v6mFjGSaQabThwk4m5Ixokz/EQXPDqIPq/M+LDqfbLTofeFNjK100H7hJkn8PQ==
  dependencies:
    "@abp/core" "~9.0.8"
    jquery "~3.7.1"

"@abp/lodash@~9.0.8":
  version "9.0.8"
  resolved "https://registry.yarnpkg.com/@abp/lodash/-/lodash-9.0.8.tgz#38ce5fb44d71489e1ae364c0870101cfa15f8c2b"
  integrity sha512-wHZcPwTqndZlPDWWNTN50DzwORv3rptBGOFAbixOXCw7Xt5PiBcpT3NdDcm5kUeuA/GQbtcsjsDFpTTBQEfxHw==
  dependencies:
    "@abp/core" "~9.0.8"
    lodash "^4.17.21"

"@abp/luxon@~9.0.8":
  version "9.0.8"
  resolved "https://registry.yarnpkg.com/@abp/luxon/-/luxon-9.0.8.tgz#669429f5b92b2968d7a26b2927d6575242a384a2"
  integrity sha512-gsUGMX9vDIPA8UgU6UKrHNaROCYDEpt0wZ2bpK6mSNqvSFgGX+0TUZmH+S+ABTiktzOp9e7B0j+AQFtATdBIyQ==
  dependencies:
    "@abp/core" "~9.0.8"
    luxon "^3.5.0"

"@abp/malihu-custom-scrollbar-plugin@~9.0.8":
  version "9.0.8"
  resolved "https://registry.yarnpkg.com/@abp/malihu-custom-scrollbar-plugin/-/malihu-custom-scrollbar-plugin-9.0.8.tgz#356dd415288b70db7d24a169569009563bd5b87e"
  integrity sha512-oWNg9+i6gNMqGMhX55bGTI099EhgZm+VqgAiEKcF41MaIVpt7Qva9GHHwL3Vp6NKfVSo8foPMYJzH2L8pbdpVQ==
  dependencies:
    "@abp/core" "~9.0.8"
    malihu-custom-scrollbar-plugin "^3.1.5"

"@abp/moment@~9.0.8":
  version "9.0.8"
  resolved "https://registry.yarnpkg.com/@abp/moment/-/moment-9.0.8.tgz#913d63bd820bb9f925e3562cd57f7ef727ccb087"
  integrity sha512-8vuJKNG4xu8U8kOh9NkMd/l429qp5mXNSPchjPm1e399TAbVtFaeY7jUuTKd/5fUt3KE/xQ8MR6asph31oSdtA==
  dependencies:
    moment "^2.30.1"

"@abp/select2@~9.0.8":
  version "9.0.8"
  resolved "https://registry.yarnpkg.com/@abp/select2/-/select2-9.0.8.tgz#96fcd61d304cfc75a65749f47d18d8970bd7741c"
  integrity sha512-v3jVRgi9FWS4vxAXRKe+Dyk8H5pDDlvBMuxW5Yde61Xa0UENyWmZkeRKwmHsmmOyeypgLiZzy8/nN86HqNt0ng==
  dependencies:
    "@abp/core" "~9.0.8"
    select2 "^4.0.13"

"@abp/sweetalert2@~9.0.8":
  version "9.0.8"
  resolved "https://registry.yarnpkg.com/@abp/sweetalert2/-/sweetalert2-9.0.8.tgz#a988f3040c2675a464ca34c79115ebf102536ac7"
  integrity sha512-VI2hmQAge8QX+OmDn2Ng8N4wWcwXMm1vf/gXNE1aV+SzFcLcDA2QOh/noLXEW1bjVy4Foa1QFf+nCXnjOilcCQ==
  dependencies:
    "@abp/core" "~9.0.8"
    sweetalert2 "^11.14.1"

"@abp/timeago@~9.0.8":
  version "9.0.8"
  resolved "https://registry.yarnpkg.com/@abp/timeago/-/timeago-9.0.8.tgz#74f02bd8a3f099a0f77eb2331dbe7cb7161b3e20"
  integrity sha512-/LcDeX2pnI7J18+HrxqIpQz2cu9FCkrMu7vdnHJstlW3EO163Jq8YEpj9l7yHOuqT6c3FMN7QkXThewxoSWjpQ==
  dependencies:
    "@abp/jquery" "~9.0.8"
    timeago "^1.6.7"

"@abp/toastr@~9.0.8":
  version "9.0.8"
  resolved "https://registry.yarnpkg.com/@abp/toastr/-/toastr-9.0.8.tgz#5b8b39aab4628aaa9e927c051089a5337103f5db"
  integrity sha512-tOwSjUOMKBlEpRzSQtCFu57i9y3/jRKe2/bYgGQlWiBy4CX/O68R8Sk0/xBjpl1wOrjEBNrHuQmvWWlqkSwNgg==
  dependencies:
    "@abp/jquery" "~9.0.8"
    toastr "^2.1.4"

"@abp/utils@~9.0.8":
  version "9.0.8"
  resolved "https://registry.yarnpkg.com/@abp/utils/-/utils-9.0.8.tgz#c1dd1403fd600bf22518d5adf2e89964c682ee21"
  integrity sha512-Rat+9cnnoIzhSs/ES9JP/Su+6VWotse5B3wcwRPbiQxCMYUNXQYHq5hTSyHhL2nHG2ox6BVur2jCIzNxXvqsBw==
  dependencies:
    just-compare "^2.3.0"

"@abp/utils@~9.3.6":
  version "9.3.6"
  resolved "https://registry.yarnpkg.com/@abp/utils/-/utils-9.3.6.tgz#c3e1485dfb7e126af13cdd4f72b8a8e5b94a160f"
  integrity sha512-A5Dpyu7NlDDNhhYROgvQkc1yC56SASQrTGhPH/BGlcTng3unBf9AGqxLpKyj62v5asdHdKBwbuV9cp8TLNEauw==
  dependencies:
    just-compare "^2.3.0"

"@fortawesome/fontawesome-free@^6.6.0":
  version "6.7.2"
  resolved "https://registry.yarnpkg.com/@fortawesome/fontawesome-free/-/fontawesome-free-6.7.2.tgz#8249de9b7e22fcb3ceb5e66090c30a1d5492b81a"
  integrity sha512-JUOtgFW6k9u4Y+xeIaEiLr3+cjoUPiAuLXoyKOJSia6Duzb7pq+A76P9ZdPDoAoxHdHzq6gE9/jKBGXlZT8FbA==

ansi-colors@^4.1.3:
  version "4.1.3"
  resolved "https://registry.yarnpkg.com/ansi-colors/-/ansi-colors-4.1.3.tgz#37611340eb2243e70cc604cad35d63270d48781b"
  integrity sha512-/6w/C21Pm1A7aZitlI5Ni/2J6FFQN8i1Cvz3kHABAAbw93v/NlvKdVOqz7CCWz/3iv/JplRSEEZ83XION15ovw==

bootstrap-datepicker@^1.10.0:
  version "1.10.1"
  resolved "https://registry.yarnpkg.com/bootstrap-datepicker/-/bootstrap-datepicker-1.10.1.tgz#0a8bec42957ea1ce1272b91bcf2b53696629fb86"
  integrity sha512-GIe+fsLp9Hi30oW7L2v2Q9/a4+aojrIA2p4ZagtLuKw2lpfQgjJjM0L6vl/lYQydGXWUbpoKbEC/O5tzWIkEKQ==
  dependencies:
    jquery ">=3.4.0 <4.0.0"

bootstrap-daterangepicker@^3.1.0:
  version "3.1.0"
  resolved "https://registry.yarnpkg.com/bootstrap-daterangepicker/-/bootstrap-daterangepicker-3.1.0.tgz#632e6fb2de4b6360c5c0a9d5f6adb9aace051fe8"
  integrity sha512-oaQZx6ZBDo/dZNyXGVi2rx5GmFXThyQLAxdtIqjtLlYVaQUfQALl5JZMJJZzyDIX7blfy4ppZPAJ10g8Ma4d/g==
  dependencies:
    jquery ">=1.10"
    moment "^2.9.0"

bootstrap@^5.3.3:
  version "5.3.8"
  resolved "https://registry.yarnpkg.com/bootstrap/-/bootstrap-5.3.8.tgz#6401a10057a22752d21f4e19055508980656aeed"
  integrity sha512-HP1SZDqaLDPwsNiqRqi5NcP0SSXciX2s9E+RyqJIIqGo+vJeN5AJVM98CXmW/Wux0nQ5L7jeWUdplCEf0Ee+tg==

datatables.net-bs5@^2.1.8:
  version "2.3.5"
  resolved "https://registry.yarnpkg.com/datatables.net-bs5/-/datatables.net-bs5-2.3.5.tgz#96f76dce12b1554664b06bd85f6b3be8d6da509f"
  integrity sha512-2JA2WZz1tBxdVpYAspiqI8POdqEoAZZzqp7tISKaof2P5ufBJb+OLaahxwuB0sF9qcQh1azlU+JH1zsLBXVwXg==
  dependencies:
    datatables.net "2.3.5"
    jquery ">=1.7"

datatables.net@2.3.5, datatables.net@^2.1.8:
  version "2.3.5"
  resolved "https://registry.yarnpkg.com/datatables.net/-/datatables.net-2.3.5.tgz#a35cc1209edb7525ea68ebc3e7d3af6e3f30a758"
  integrity sha512-Qrwc+vuw8GHo42u1usWTuriNAMW0VvLPSW3j8g3GxvatiD8wS/ZGW32VAYLLfmF4Hz0C/fo2KB3xZBfcpqqVTQ==
  dependencies:
    jquery ">=1.7"

jquery-form@^4.3.0:
  version "4.3.0"
  resolved "https://registry.yarnpkg.com/jquery-form/-/jquery-form-4.3.0.tgz#7d3961c314a1f2d15298f4af1d3943f54f4149c6"
  integrity sha512-q3uaVCEWdLOYUCI6dpNdwf/7cJFOsUgdpq6r0taxtGQ5NJSkOzofyWm4jpOuJ5YxdmL1FI5QR+q+HB63HHLGnQ==
  dependencies:
    jquery ">=1.7.2"

jquery-mousewheel@>=3.0.6:
  version "3.2.2"
  resolved "https://registry.yarnpkg.com/jquery-mousewheel/-/jquery-mousewheel-3.2.2.tgz#48c833f6260ee0c46d438a999e7d0060ec9eed0b"
  integrity sha512-JP71xTAg08ZY3hcs9ZbYUZ5i+dkSsz4yRl/zpWkAmtzc+kMs5EfPkpkINSidiLYMaR0MTo3DfFGF9WIezMsFQQ==
  dependencies:
    jquery ">=1.2.6"

jquery-validation-unobtrusive@^4.0.0:
  version "4.0.0"
  resolved "https://registry.yarnpkg.com/jquery-validation-unobtrusive/-/jquery-validation-unobtrusive-4.0.0.tgz#dfcf25a558496a2c883db6021d10f5398d15f99d"
  integrity sha512-1ervYFFv6LX/rp7ktuLnMakHNG0piNRDyROI8Ir3hL1vPIwylAehB1AY3BPrYJnzW3WmwWryZq+Bz4sazZK9iQ==
  dependencies:
    jquery "^3.6.0"
    jquery-validation ">=1.19"

jquery-validation@>=1.19, jquery-validation@^1.21.0:
  version "1.21.0"
  resolved "https://registry.yarnpkg.com/jquery-validation/-/jquery-validation-1.21.0.tgz#78fc05ab76020912a246af3661b3f54a438bca93"
  integrity sha512-xNot0rlUIgu7duMcQ5qb6MGkGL/Z1PQaRJQoZAURW9+a/2PGOUxY36o/WyNeP2T9R6jvWB8Z9lUVvvQWI/Zs5w==

jquery@>=1.10, jquery@>=1.12.0, jquery@>=1.2.6, "jquery@>=1.5.0 <4.0", jquery@>=1.7, jquery@>=1.7.2, "jquery@>=3.4.0 <4.0.0", jquery@^3.6.0, jquery@~3.7.1:
  version "3.7.1"
  resolved "https://registry.yarnpkg.com/jquery/-/jquery-3.7.1.tgz#083ef98927c9a6a74d05a6af02806566d16274de"
  integrity sha512-m4avr8yL8kmFN8psrbFFFmB/If14iN5o9nw/NgnnM+kybDJpRsAynV2BsfpTYrTRysYUdADVD7CkUUizgkpLfg==

just-compare@^2.3.0:
  version "2.3.0"
  resolved "https://registry.yarnpkg.com/just-compare/-/just-compare-2.3.0.tgz#a2adcc1d1940536263275f5a1ef1298bcacfeda7"
  integrity sha512-6shoR7HDT+fzfL3gBahx1jZG3hWLrhPAf+l7nCwahDdT9XDtosB9kIF0ZrzUp5QY8dJWfQVr5rnsPqsbvflDzg==

lodash@^4.17.21:
  version "4.17.21"
  resolved "https://registry.yarnpkg.com/lodash/-/lodash-4.17.21.tgz#679591c564c3bffaae8454cf0b3df370c3d6911c"
  integrity sha512-v2kDEe57lecTulaDIuNTPy3Ry4gLGJ6Z1O3vE1krgXZNrsQ+LFTGHVxVjcXPs17LhbZVGedAJv8XZ1tvj5FvSg==

luxon@^3.5.0:
  version "3.7.2"
  resolved "https://registry.yarnpkg.com/luxon/-/luxon-3.7.2.tgz#d697e48f478553cca187a0f8436aff468e3ba0ba"
  integrity sha512-vtEhXh/gNjI9Yg1u4jX/0YVPMvxzHuGgCm6tC5kZyb08yjGWGnqAjGJvcXbqQR2P3MyMEFnRbpcdFS6PBcLqew==

malihu-custom-scrollbar-plugin@^3.1.5:
  version "3.1.5"
  resolved "https://registry.yarnpkg.com/malihu-custom-scrollbar-plugin/-/malihu-custom-scrollbar-plugin-3.1.5.tgz#310cecc5e59415a1c29e9dfb5d2b6e01d66a29ef"
  integrity sha512-lwW3LgI+CNDMPnP4ED2la6oYxWMkCXlnhex+s2wuOLhFDFGnGmQuTQVdRK9bvDLpxs10sGlfErVufJy9ztfgJQ==
  dependencies:
    jquery-mousewheel ">=3.0.6"

moment@^2.30.1, moment@^2.9.0:
  version "2.30.1"
  resolved "https://registry.yarnpkg.com/moment/-/moment-2.30.1.tgz#f8c91c07b7a786e30c59926df530b4eac96974ae"
  integrity sha512-uEmtNhbDOrWPFS+hdjFCBfy9f2YoyzRpwcl+DqpC6taX21FzsTLQVbMV/W7PzNSX6x/bhC1zA3c2UQ5NzH6how==

select2@^4.0.13:
  version "4.0.13"
  resolved "https://registry.yarnpkg.com/select2/-/select2-4.0.13.tgz#0dbe377df3f96167c4c1626033e924372d8ef44d"
  integrity sha512-1JeB87s6oN/TDxQQYCvS5EFoQyvV6eYMZZ0AeA4tdFDYWN3BAGZ8npr17UBFddU0lgAt3H0yjX3X6/ekOj1yjw==

sweetalert2@^11.14.1:
  version "11.26.3"
  resolved "https://registry.yarnpkg.com/sweetalert2/-/sweetalert2-11.26.3.tgz#6e8188cf71818af34d62fe33a2465690cde9836d"
  integrity sha512-VU0hGw/WfI9h7Mh+SCsDlWgtxDwWZ6ccqS7QcO8zEeWnwplN1GptcLstq76OluUBSLUza6ldvKd3558OhjpJ9A==

timeago@^1.6.7:
  version "1.6.7"
  resolved "https://registry.yarnpkg.com/timeago/-/timeago-1.6.7.tgz#afd467c29a911e697fc22a81888c7c3022783cb5"
  integrity sha512-FikcjN98+ij0siKH4VO4dZ358PR3oDDq4Vdl1+sN9gWz1/+JXGr3uZbUShYH/hL7bMhcTpPbplJU5Tej4b4jbQ==
  dependencies:
    jquery ">=1.5.0 <4.0"

toastr@^2.1.4:
  version "2.1.4"
  resolved "https://registry.yarnpkg.com/toastr/-/toastr-2.1.4.tgz#8b43be64fb9d0c414871446f2db8e8ca4e95f181"
  integrity sha512-LIy77F5n+sz4tefMmFOntcJ6HL0Fv3k1TDnNmFZ0bU/GcvIIfy6eG2v7zQmMiYgaalAiUv75ttFrPn5s0gyqlA==
  dependencies:
    jquery ">=1.12.0"
